
Microsoft Visual Studio Solution File, Format Version 12.00
# Visual Studio Version 17
VisualStudioVersion = 17.0.31903.59
MinimumVisualStudioVersion = 10.0.40219.1
Project("{2150E333-8FDC-42A3-9474-1A3956D46DE8}") = "src", "src", "{827E0CD3-B72D-47B6-A68D-7590B98EB39B}"
EndProject
Project("{FAE04EC0-301F-11D3-BF4B-00C04F79EFBC}") = "SimpleCAD.Core", "src\SimpleCAD.Core\SimpleCAD.Core.csproj", "{3EF97896-CA90-4998-B871-35D0E354DEF7}"
EndProject
Project("{FAE04EC0-301F-11D3-BF4B-00C04F79EFBC}") = "SimpleCAD.Controls.WPF", "src\SimpleCAD.Controls.WPF\SimpleCAD.Controls.WPF.csproj", "{A903419A-BF3F-437E-BBF1-46F0274025AA}"
EndProject
Project("{FAE04EC0-301F-11D3-BF4B-00C04F79EFBC}") = "SimpleCAD.Controls.WinForms", "src\SimpleCAD.Controls.WinForms\SimpleCAD.Controls.WinForms.csproj", "{CCEABA1D-42C2-4AF0-9B73-8244266856F5}"
EndProject
Project("{FAE04EC0-301F-11D3-BF4B-00C04F79EFBC}") = "SimpleCAD.Demo.WPF", "src\SimpleCAD.Demo.WPF\SimpleCAD.Demo.WPF.csproj", "{A798E17C-F200-4DF2-B295-EF7F836FD691}"
EndProject
Project("{FAE04EC0-301F-11D3-BF4B-00C04F79EFBC}") = "SimpleCAD.Demo.WinForms", "src\SimpleCAD.Demo.WinForms\SimpleCAD.Demo.WinForms.csproj", "{0CB3A021-5607-4CDE-B2D9-A48243582CD0}"
EndProject
Global
	GlobalSection(SolutionConfigurationPlatforms) = preSolution
		Debug|Any CPU = Debug|Any CPU
		Debug|x64 = Debug|x64
		Debug|x86 = Debug|x86
		Release|Any CPU = Release|Any CPU
		Release|x64 = Release|x64
		Release|x86 = Release|x86
	EndGlobalSection
	GlobalSection(ProjectConfigurationPlatforms) = postSolution
		{3EF97896-CA90-4998-B871-35D0E354DEF7}.Debug|Any CPU.ActiveCfg = Debug|Any CPU
		{3EF97896-CA90-4998-B871-35D0E354DEF7}.Debug|Any CPU.Build.0 = Debug|Any CPU
		{3EF97896-CA90-4998-B871-35D0E354DEF7}.Debug|x64.ActiveCfg = Debug|Any CPU
		{3EF97896-CA90-4998-B871-35D0E354DEF7}.Debug|x64.Build.0 = Debug|Any CPU
		{3EF97896-CA90-4998-B871-35D0E354DEF7}.Debug|x86.ActiveCfg = Debug|Any CPU
		{3EF97896-CA90-4998-B871-35D0E354DEF7}.Debug|x86.Build.0 = Debug|Any CPU
		{3EF97896-CA90-4998-B871-35D0E354DEF7}.Release|Any CPU.ActiveCfg = Release|Any CPU
		{3EF97896-CA90-4998-B871-35D0E354DEF7}.Release|Any CPU.Build.0 = Release|Any CPU
		{3EF97896-CA90-4998-B871-35D0E354DEF7}.Release|x64.ActiveCfg = Release|Any CPU
		{3EF97896-CA90-4998-B871-35D0E354DEF7}.Release|x64.Build.0 = Release|Any CPU
		{3EF97896-CA90-4998-B871-35D0E354DEF7}.Release|x86.ActiveCfg = Release|Any CPU
		{3EF97896-CA90-4998-B871-35D0E354DEF7}.Release|x86.Build.0 = Release|Any CPU
		{A903419A-BF3F-437E-BBF1-46F0274025AA}.Debug|Any CPU.ActiveCfg = Debug|Any CPU
		{A903419A-BF3F-437E-BBF1-46F0274025AA}.Debug|Any CPU.Build.0 = Debug|Any CPU
		{A903419A-BF3F-437E-BBF1-46F0274025AA}.Debug|x64.ActiveCfg = Debug|Any CPU
		{A903419A-BF3F-437E-BBF1-46F0274025AA}.Debug|x64.Build.0 = Debug|Any CPU
		{A903419A-BF3F-437E-BBF1-46F0274025AA}.Debug|x86.ActiveCfg = Debug|Any CPU
		{A903419A-BF3F-437E-BBF1-46F0274025AA}.Debug|x86.Build.0 = Debug|Any CPU
		{A903419A-BF3F-437E-BBF1-46F0274025AA}.Release|Any CPU.ActiveCfg = Release|Any CPU
		{A903419A-BF3F-437E-BBF1-46F0274025AA}.Release|Any CPU.Build.0 = Release|Any CPU
		{A903419A-BF3F-437E-BBF1-46F0274025AA}.Release|x64.ActiveCfg = Release|Any CPU
		{A903419A-BF3F-437E-BBF1-46F0274025AA}.Release|x64.Build.0 = Release|Any CPU
		{A903419A-BF3F-437E-BBF1-46F0274025AA}.Release|x86.ActiveCfg = Release|Any CPU
		{A903419A-BF3F-437E-BBF1-46F0274025AA}.Release|x86.Build.0 = Release|Any CPU
		{CCEABA1D-42C2-4AF0-9B73-8244266856F5}.Debug|Any CPU.ActiveCfg = Debug|Any CPU
		{CCEABA1D-42C2-4AF0-9B73-8244266856F5}.Debug|Any CPU.Build.0 = Debug|Any CPU
		{CCEABA1D-42C2-4AF0-9B73-8244266856F5}.Debug|x64.ActiveCfg = Debug|Any CPU
		{CCEABA1D-42C2-4AF0-9B73-8244266856F5}.Debug|x64.Build.0 = Debug|Any CPU
		{CCEABA1D-42C2-4AF0-9B73-8244266856F5}.Debug|x86.ActiveCfg = Debug|Any CPU
		{CCEABA1D-42C2-4AF0-9B73-8244266856F5}.Debug|x86.Build.0 = Debug|Any CPU
		{CCEABA1D-42C2-4AF0-9B73-8244266856F5}.Release|Any CPU.ActiveCfg = Release|Any CPU
		{CCEABA1D-42C2-4AF0-9B73-8244266856F5}.Release|Any CPU.Build.0 = Release|Any CPU
		{CCEABA1D-42C2-4AF0-9B73-8244266856F5}.Release|x64.ActiveCfg = Release|Any CPU
		{CCEABA1D-42C2-4AF0-9B73-8244266856F5}.Release|x64.Build.0 = Release|Any CPU
		{CCEABA1D-42C2-4AF0-9B73-8244266856F5}.Release|x86.ActiveCfg = Release|Any CPU
		{CCEABA1D-42C2-4AF0-9B73-8244266856F5}.Release|x86.Build.0 = Release|Any CPU
		{A798E17C-F200-4DF2-B295-EF7F836FD691}.Debug|Any CPU.ActiveCfg = Debug|Any CPU
		{A798E17C-F200-4DF2-B295-EF7F836FD691}.Debug|Any CPU.Build.0 = Debug|Any CPU
		{A798E17C-F200-4DF2-B295-EF7F836FD691}.Debug|x64.ActiveCfg = Debug|Any CPU
		{A798E17C-F200-4DF2-B295-EF7F836FD691}.Debug|x64.Build.0 = Debug|Any CPU
		{A798E17C-F200-4DF2-B295-EF7F836FD691}.Debug|x86.ActiveCfg = Debug|Any CPU
		{A798E17C-F200-4DF2-B295-EF7F836FD691}.Debug|x86.Build.0 = Debug|Any CPU
		{A798E17C-F200-4DF2-B295-EF7F836FD691}.Release|Any CPU.ActiveCfg = Release|Any CPU
		{A798E17C-F200-4DF2-B295-EF7F836FD691}.Release|Any CPU.Build.0 = Release|Any CPU
		{A798E17C-F200-4DF2-B295-EF7F836FD691}.Release|x64.ActiveCfg = Release|Any CPU
		{A798E17C-F200-4DF2-B295-EF7F836FD691}.Release|x64.Build.0 = Release|Any CPU
		{A798E17C-F200-4DF2-B295-EF7F836FD691}.Release|x86.ActiveCfg = Release|Any CPU
		{A798E17C-F200-4DF2-B295-EF7F836FD691}.Release|x86.Build.0 = Release|Any CPU
		{0CB3A021-5607-4CDE-B2D9-A48243582CD0}.Debug|Any CPU.ActiveCfg = Debug|Any CPU
		{0CB3A021-5607-4CDE-B2D9-A48243582CD0}.Debug|Any CPU.Build.0 = Debug|Any CPU
		{0CB3A021-5607-4CDE-B2D9-A48243582CD0}.Debug|x64.ActiveCfg = Debug|Any CPU
		{0CB3A021-5607-4CDE-B2D9-A48243582CD0}.Debug|x64.Build.0 = Debug|Any CPU
		{0CB3A021-5607-4CDE-B2D9-A48243582CD0}.Debug|x86.ActiveCfg = Debug|Any CPU
		{0CB3A021-5607-4CDE-B2D9-A48243582CD0}.Debug|x86.Build.0 = Debug|Any CPU
		{0CB3A021-5607-4CDE-B2D9-A48243582CD0}.Release|Any CPU.ActiveCfg = Release|Any CPU
		{0CB3A021-5607-4CDE-B2D9-A48243582CD0}.Release|Any CPU.Build.0 = Release|Any CPU
		{0CB3A021-5607-4CDE-B2D9-A48243582CD0}.Release|x64.ActiveCfg = Release|Any CPU
		{0CB3A021-5607-4CDE-B2D9-A48243582CD0}.Release|x64.Build.0 = Release|Any CPU
		{0CB3A021-5607-4CDE-B2D9-A48243582CD0}.Release|x86.ActiveCfg = Release|Any CPU
		{0CB3A021-5607-4CDE-B2D9-A48243582CD0}.Release|x86.Build.0 = Release|Any CPU
	EndGlobalSection
	GlobalSection(SolutionProperties) = preSolution
		HideSolutionNode = FALSE
	EndGlobalSection
	GlobalSection(NestedProjects) = preSolution
		{3EF97896-CA90-4998-B871-35D0E354DEF7} = {827E0CD3-B72D-47B6-A68D-7590B98EB39B}
		{A903419A-BF3F-437E-BBF1-46F0274025AA} = {827E0CD3-B72D-47B6-A68D-7590B98EB39B}
		{CCEABA1D-42C2-4AF0-9B73-8244266856F5} = {827E0CD3-B72D-47B6-A68D-7590B98EB39B}
		{A798E17C-F200-4DF2-B295-EF7F836FD691} = {827E0CD3-B72D-47B6-A68D-7590B98EB39B}
		{0CB3A021-5607-4CDE-B2D9-A48243582CD0} = {827E0CD3-B72D-47B6-A68D-7590B98EB39B}
	EndGlobalSection
EndGlobal
